
Microsoft Visual Studio Solution File, Format Version 12.00
# Visual Studio Version 16
VisualStudioVersion = 16.0.30717.126
MinimumVisualStudioVersion = 10.0.40219.1
Project("{9A19103F-16F7-4668-BE54-9A1E7A4F7556}") = "AuthServer.API", "AuthServer.Api\AuthServer.API.csproj", "{BFE720B7-6FD0-4AE0-9208-320728EB1DB7}"
EndProject
Project("{9A19103F-16F7-4668-BE54-9A1E7A4F7556}") = "AuthServer.Core", "AuthServer.Core\AuthServer.Core.csproj", "{C9D0E499-8858-4B0B-A78C-09B6395D7D48}"
EndProject
Project("{9A19103F-16F7-4668-BE54-9A1E7A4F7556}") = "AuthServer.Data", "AuthServer.Data\AuthServer.Data.csproj", "{66B9851D-6202-4668-B49A-1B5716FA612D}"
EndProject
Project("{9A19103F-16F7-4668-BE54-9A1E7A4F7556}") = "AuthServer.Service", "AuthServer.Service\AuthServer.Service.csproj", "{0071D609-1832-4C1D-AE7A-657F0241E0E1}"
EndProject
Project("{9A19103F-16F7-4668-BE54-9A1E7A4F7556}") = "ExternalTest1.API", "ExtermalTest1.Api\ExternalTest1.API.csproj", "{DDBC66A8-CEB7-44B7-8D09-B92E0CB42BC7}"
EndProject
Project("{9A19103F-16F7-4668-BE54-9A1E7A4F7556}") = "ExternalTest2.API", "ExtermalTest2.Api\ExternalTest2.API.csproj", "{B2BA0C90-7054-466F-8646-73ADFBD2327B}"
EndProject
Project("{9A19103F-16F7-4668-BE54-9A1E7A4F7556}") = "ExternalTest3.API", "ExternalTest3.API\ExternalTest3.API.csproj", "{E90929F0-0152-4436-8078-024C32132B20}"
EndProject
Project("{9A19103F-16F7-4668-BE54-9A1E7A4F7556}") = "Shared", "Shared\Shared.csproj", "{5DA603D2-BAF5-4B20-860A-E2145855CE62}"
EndProject
Global
	GlobalSection(SolutionConfigurationPlatforms) = preSolution
		Debug|Any CPU = Debug|Any CPU
		Release|Any CPU = Release|Any CPU
	EndGlobalSection
	GlobalSection(ProjectConfigurationPlatforms) = postSolution
		{BFE720B7-6FD0-4AE0-9208-320728EB1DB7}.Debug|Any CPU.ActiveCfg = Debug|Any CPU
		{BFE720B7-6FD0-4AE0-9208-320728EB1DB7}.Debug|Any CPU.Build.0 = Debug|Any CPU
		{BFE720B7-6FD0-4AE0-9208-320728EB1DB7}.Release|Any CPU.ActiveCfg = Release|Any CPU
		{BFE720B7-6FD0-4AE0-9208-320728EB1DB7}.Release|Any CPU.Build.0 = Release|Any CPU
		{C9D0E499-8858-4B0B-A78C-09B6395D7D48}.Debug|Any CPU.ActiveCfg = Debug|Any CPU
		{C9D0E499-8858-4B0B-A78C-09B6395D7D48}.Debug|Any CPU.Build.0 = Debug|Any CPU
		{C9D0E499-8858-4B0B-A78C-09B6395D7D48}.Release|Any CPU.ActiveCfg = Release|Any CPU
		{C9D0E499-8858-4B0B-A78C-09B6395D7D48}.Release|Any CPU.Build.0 = Release|Any CPU
		{66B9851D-6202-4668-B49A-1B5716FA612D}.Debug|Any CPU.ActiveCfg = Debug|Any CPU
		{66B9851D-6202-4668-B49A-1B5716FA612D}.Debug|Any CPU.Build.0 = Debug|Any CPU
		{66B9851D-6202-4668-B49A-1B5716FA612D}.Release|Any CPU.ActiveCfg = Release|Any CPU
		{66B9851D-6202-4668-B49A-1B5716FA612D}.Release|Any CPU.Build.0 = Release|Any CPU
		{0071D609-1832-4C1D-AE7A-657F0241E0E1}.Debug|Any CPU.ActiveCfg = Debug|Any CPU
		{0071D609-1832-4C1D-AE7A-657F0241E0E1}.Debug|Any CPU.Build.0 = Debug|Any CPU
		{0071D609-1832-4C1D-AE7A-657F0241E0E1}.Release|Any CPU.ActiveCfg = Release|Any CPU
		{0071D609-1832-4C1D-AE7A-657F0241E0E1}.Release|Any CPU.Build.0 = Release|Any CPU
		{DDBC66A8-CEB7-44B7-8D09-B92E0CB42BC7}.Debug|Any CPU.ActiveCfg = Debug|Any CPU
		{DDBC66A8-CEB7-44B7-8D09-B92E0CB42BC7}.Debug|Any CPU.Build.0 = Debug|Any CPU
		{DDBC66A8-CEB7-44B7-8D09-B92E0CB42BC7}.Release|Any CPU.ActiveCfg = Release|Any CPU
		{DDBC66A8-CEB7-44B7-8D09-B92E0CB42BC7}.Release|Any CPU.Build.0 = Release|Any CPU
		{B2BA0C90-7054-466F-8646-73ADFBD2327B}.Debug|Any CPU.ActiveCfg = Debug|Any CPU
		{B2BA0C90-7054-466F-8646-73ADFBD2327B}.Debug|Any CPU.Build.0 = Debug|Any CPU
		{B2BA0C90-7054-466F-8646-73ADFBD2327B}.Release|Any CPU.ActiveCfg = Release|Any CPU
		{B2BA0C90-7054-466F-8646-73ADFBD2327B}.Release|Any CPU.Build.0 = Release|Any CPU
		{E90929F0-0152-4436-8078-024C32132B20}.Debug|Any CPU.ActiveCfg = Debug|Any CPU
		{E90929F0-0152-4436-8078-024C32132B20}.Debug|Any CPU.Build.0 = Debug|Any CPU
		{E90929F0-0152-4436-8078-024C32132B20}.Release|Any CPU.ActiveCfg = Release|Any CPU
		{E90929F0-0152-4436-8078-024C32132B20}.Release|Any CPU.Build.0 = Release|Any CPU
		{5DA603D2-BAF5-4B20-860A-E2145855CE62}.Debug|Any CPU.ActiveCfg = Debug|Any CPU
		{5DA603D2-BAF5-4B20-860A-E2145855CE62}.Debug|Any CPU.Build.0 = Debug|Any CPU
		{5DA603D2-BAF5-4B20-860A-E2145855CE62}.Release|Any CPU.ActiveCfg = Release|Any CPU
		{5DA603D2-BAF5-4B20-860A-E2145855CE62}.Release|Any CPU.Build.0 = Release|Any CPU
	EndGlobalSection
	GlobalSection(SolutionProperties) = preSolution
		HideSolutionNode = FALSE
	EndGlobalSection
	GlobalSection(ExtensibilityGlobals) = postSolution
		SolutionGuid = {4AB8AA3A-E186-4796-B05C-B71FAC1B5684}
	EndGlobalSection
EndGlobal
